schema: '2.0'
stages:
  download:
    cmd: python src/download.py --params params.yaml --output data/raw
    deps:
    - path: requirements.txt
      hash: md5
      md5: 9a30d9fbc6ecfc115e6b4323f456b355
      size: 4649
    - path: src/download.py
      hash: md5
      md5: e74a74029cb362aca2e1344179786a89
      size: 6381
    params:
      params.yaml:
        download:
          ticker: AAPL
          forms:
          - 10-K
          - 10-Q
          limit: 1
          filings:
            10-K:
              accession: 0000320193-25-000079
              period: '20250927'
            10-Q:
              accession: 0000320193-26-000020
              period: '20260627'
          after: '2024-01-01'
          before: '2026-08-01'
          user_agent_name: LANTERN Team 2
          user_agent_email: nandavarapu.s@northeastern.edu
    outs:
    - path: data/raw
      hash: md5
      md5: c7118084da6ba36c33e74dd768d743ef.dir
      size: 17581141
      nfiles: 156
  render:
    cmd: python src/render.py --params params.yaml --input data/raw --output 
      data/rendered
    deps:
    - path: data/raw
      hash: md5
      md5: c7118084da6ba36c33e74dd768d743ef.dir
      size: 17581141
      nfiles: 156
    - path: requirements.txt
      hash: md5
      md5: 9a30d9fbc6ecfc115e6b4323f456b355
      size: 4649
    - path: src/contracts.py
      hash: md5
      md5: 5fefdf0935682846dd5b469f5829f46f
      size: 286
    - path: src/render.py
      hash: md5
      md5: 68ed8b475a86749832ca5fa87eecd27b
      size: 4721
    params:
      params.yaml:
        download.filings:
          10-K:
            accession: 0000320193-25-000079
            period: '20250927'
          10-Q:
            accession: 0000320193-26-000020
            period: '20260627'
        download.ticker: AAPL
        render:
          page_format: Letter
    outs:
    - path: data/rendered
      hash: md5
      md5: 291820c8f36318c49884b5c82e1b65cb.dir
      size: 918632
      nfiles: 3
  parse_pdfplumber:
    cmd: python src/parse_text.py --params params.yaml --input data/rendered 
      --output data/parsed
    deps:
    - path: data/rendered
      hash: md5
      md5: 291820c8f36318c49884b5c82e1b65cb.dir
      size: 918632
      nfiles: 3
    - path: requirements.txt
      hash: md5
      md5: 9a30d9fbc6ecfc115e6b4323f456b355
      size: 4649
    - path: src/parse_text.py
      hash: md5
      md5: 5df1ab5d9929c012350047f1f400b537
      size: 6303
    params:
      params.yaml:
        ocr:
          min_chars: 20
          junk_ratio: 0.3
          dpi: 300
          language: eng
    outs:
    - path: data/parsed
      hash: md5
      md5: 4fd9237fa4a22b526236e533b5289233.dir
      size: 8285619
      nfiles: 94
  tables:
    cmd: python src/tables.py --params params.yaml --input data/rendered 
      --output data/tables
    deps:
    - path: data/rendered
      hash: md5
      md5: 291820c8f36318c49884b5c82e1b65cb.dir
      size: 918632
      nfiles: 3
    - path: requirements.txt
      hash: md5
      md5: 9a30d9fbc6ecfc115e6b4323f456b355
      size: 4649
    - path: src/tables.py
      hash: md5
      md5: 57864510dc245f765c603dc27195a4c8
      size: 25680
    params:
      params.yaml:
        tables:
          min_rulings: 4
          accept_score: 0.6
          min_numeric_rows: 3
          visible_max_gray: 0.9
    outs:
    - path: data/tables
      hash: md5
      md5: ca1ca962a7272f3e4c1997a24a47b0ed.dir
      size: 144640
      nfiles: 33
  layout:
    cmd: python src/layout.py --params params.yaml --input data/rendered 
      --output data/layout --figures data/figures --qa reports/layout
    deps:
    - path: data/rendered
      hash: md5
      md5: 291820c8f36318c49884b5c82e1b65cb.dir
      size: 918632
      nfiles: 3
    - path: requirements.txt
      hash: md5
      md5: 9a30d9fbc6ecfc115e6b4323f456b355
      size: 4649
    - path: src/layout.py
      hash: md5
      md5: e64dd3f69a7a6a169dcd4b725c43b8f0
      size: 12132
    - path: src/tables.py
      hash: md5
      md5: 57864510dc245f765c603dc27195a4c8
      size: 25680
    params:
      params.yaml:
        layout:
          model: efficientdet
          score_threshold: 0.25
          max_overlap: 0.5
          pad_pt: 2.0
          qa_pages:
            AAPL_10K_20250927:
            - 1
            - 10
            - 20
            - 22
            - 32
            - 34
            - 50
            AAPL_10Q_20260627:
            - 4
            - 15
            - 28
            multicolumn:
            - 1
          text_pad_pt: 8
          dark_page_brightness: 0.5
          column_gap_pt: 50
        ocr.dpi: 300
        tables:
          min_rulings: 4
          accept_score: 0.6
          min_numeric_rows: 3
          visible_max_gray: 0.9
    outs:
    - path: data/figures
      hash: md5
      md5: f9fb6182553fe346d41f16296b52202d.dir
      size: 39645
      nfiles: 4
    - path: data/layout
      hash: md5
      md5: 73cc263699d48b113b661341bc059232.dir
      size: 778804
      nfiles: 4
  parse_docling:
    cmd: python src/docling_parse.py --params params.yaml --input data/rendered 
      --output data/docling
    deps:
    - path: data/raw
      hash: md5
      md5: c7118084da6ba36c33e74dd768d743ef.dir
      size: 17581141
      nfiles: 156
    - path: data/rendered
      hash: md5
      md5: 291820c8f36318c49884b5c82e1b65cb.dir
      size: 918632
      nfiles: 3
    - path: requirements.txt
      hash: md5
      md5: 9a30d9fbc6ecfc115e6b4323f456b355
      size: 4649
    - path: src/docling_parse.py
      hash: md5
      md5: ce85b4da995e84bed6cd86082340a5c8
      size: 11022
    - path: src/tables.py
      hash: md5
      md5: 57864510dc245f765c603dc27195a4c8
      size: 25680
    params:
      params.yaml:
        docling:
          do_ocr: false
          table_mode: accurate
          device: auto
          html_stem: AAPL_10K_20250927
    outs:
    - path: data/docling
      hash: md5
      md5: d3e9bc07ca21fa8a3c357dc16e899250.dir
      size: 17269111
      nfiles: 293
  export:
    cmd: python src/export.py
    deps:
    - path: data/docling
      hash: md5
      md5: d3e9bc07ca21fa8a3c357dc16e899250.dir
      size: 17269111
      nfiles: 293
    - path: data/layout
      hash: md5
      md5: 73cc263699d48b113b661341bc059232.dir
      size: 778804
      nfiles: 4
    - path: data/rendered
      hash: md5
      md5: 291820c8f36318c49884b5c82e1b65cb.dir
      size: 918632
      nfiles: 3
    - path: data/tables
      hash: md5
      md5: ca1ca962a7272f3e4c1997a24a47b0ed.dir
      size: 144640
      nfiles: 33
    - path: requirements.txt
      hash: md5
      md5: 9a30d9fbc6ecfc115e6b4323f456b355
      size: 4649
    - path: src/adapters.py
      hash: md5
      md5: 80a914537f28d1e6d4e28a6777ae509e
      size: 4276
    - path: src/export.py
      hash: md5
      md5: 22b74d4448ff24d086febe434aed8a6c
      size: 7564
    - path: src/export_txt.py
      hash: md5
      md5: ac1a6f35c78860ed87049e397b833cd5
      size: 1463
    - path: src/schema.py
      hash: md5
      md5: a6463bd87962bf4101cbc13e6f2a8cb0
      size: 4339
    params:
      params.yaml:
        export:
          out_dir: data/export
          layout_dir: data/layout
          docling_dir: data/docling
          tables_dir: data/tables
          paragraph_gap_pt: 6.0
          emit_docling: true
          company_by_ticker:
            AAPL: Apple Inc.
    outs:
    - path: data/export
      hash: md5
      md5: dc9e3b0dee0febf950198b8a0457a9c5.dir
      size: 2029111
      nfiles: 8
  evaluate:
    cmd: python src/evaluate.py
    deps:
    - path: data/export
      hash: md5
      md5: 2915413c3bfab3a70c0e298241f80fb3.dir
      size: 2156380
      nfiles: 8
    - path: data/ground_truth
      hash: md5
      md5: 7d984b08231443af6cd7f120654f36fc.dir
      size: 6178685
      nfiles: 44
    - path: src/evaluate.py
      hash: md5
      md5: 661c3cf53f9cc6289bc16a40ce8bc825
      size: 21547
    params:
      params.yaml:
        evaluate:
          gt_dir: data/ground_truth
          export_dir: data/export
          metrics_out: reports/metrics.json
          plot_out: reports/plots/drift.png
          stems:
          - AAPL_10K_20250927
          - AAPL_10Q_20260627
          strata:
            AAPL_10K_20250927_p1: cover
            AAPL_10K_20250927_p5: prose
            AAPL_10K_20250927_p6: prose
            AAPL_10K_20250927_p32: statement
            AAPL_10K_20250927_p34: statement
            AAPL_10K_20250927_p36: statement
            AAPL_10K_20250927_p40: notes
            AAPL_10K_20250927_p43: notes
            AAPL_10Q_20260627_p1: cover
            AAPL_10Q_20260627_p4: statement
            AAPL_10Q_20260627_p6: statement
            AAPL_10Q_20260627_p9: statement
            AAPL_10Q_20260627_p11: notes
            AAPL_10Q_20260627_p16: notes
            AAPL_10Q_20260627_p17: prose
            AAPL_10Q_20260627_p22: prose
            multicol_p1: multicolumn
            scanned_p1: scanned
          thresholds:
            min_gt_pages: 16
            min_gt_tables: 2
            max_wer_prose: 0.25
            max_cer_prose: 0.2
            min_numeric_f1: 0.65
            min_table_cell_f1: 0.9
            min_table_value_recall: 0.9
    outs:
    - path: reports/metrics.json
      hash: md5
      md5: beaaebbbb0e5d34d6bdd20a00053cef4
      size: 23516
    - path: reports/plots/drift.png
      hash: md5
      md5: f3ce3781b371dd480cea9ec2dd509ca8
      size: 76807
