schema: '2.0'
stages:
  download:
    cmd: python src/download.py --params params.yaml --output data/raw
    deps:
    - path: requirements.txt
      hash: md5
      md5: 8b0ab168a10c561c02acef9d3f0595b8
      size: 4696
    - path: src/download.py
      hash: md5
      md5: e74a74029cb362aca2e1344179786a89
      size: 6381
    params:
      params.yaml:
        download:
          ticker: AAPL
          forms:
          - 10-K
          - 10-Q
          limit: 1
          filings:
            10-K:
              accession: 0000320193-25-000079
              period: '20250927'
            10-Q:
              accession: 0000320193-26-000020
              period: '20260627'
          after: '2024-01-01'
          before: '2026-08-01'
          user_agent_name: LANTERN Team 2
          user_agent_email: nandavarapu.s@northeastern.edu
    outs:
    - path: data/raw
      hash: md5
      md5: aaecaf4f2ab1088f932a67b8d6d8d8c5.dir
      size: 17581153
      nfiles: 156
  render:
    cmd: python -m playwright install chromium && python src/render.py --params
      params.yaml --input data/raw --output data/rendered
    deps:
    - path: data/raw
      hash: md5
      md5: aaecaf4f2ab1088f932a67b8d6d8d8c5.dir
      size: 17581153
      nfiles: 156
    - path: requirements.txt
      hash: md5
      md5: 8b0ab168a10c561c02acef9d3f0595b8
      size: 4696
    - path: src/contracts.py
      hash: md5
      md5: 5fefdf0935682846dd5b469f5829f46f
      size: 286
    - path: src/render.py
      hash: md5
      md5: 68ed8b475a86749832ca5fa87eecd27b
      size: 4721
    params:
      params.yaml:
        download.filings:
          10-K:
            accession: 0000320193-25-000079
            period: '20250927'
          10-Q:
            accession: 0000320193-26-000020
            period: '20260627'
        download.ticker: AAPL
        render:
          page_format: Letter
    outs:
    - path: data/rendered
      hash: md5
      md5: ecb52b44a2a9dd300e3987f95d61c0d1.dir
      size: 918497
      nfiles: 3
  parse_pdfplumber:
    cmd: python src/parse_text.py --params params.yaml --input data/rendered
      --output data/parsed
    deps:
    - path: data/managed
      hash: md5
      md5: 1d6b381b5f89bf1ca7689c6c117f46fb.dir
      size: 910483
      nfiles: 6
    - path: data/rendered
      hash: md5
      md5: ecb52b44a2a9dd300e3987f95d61c0d1.dir
      size: 918497
      nfiles: 3
    - path: requirements.txt
      hash: md5
      md5: 8b0ab168a10c561c02acef9d3f0595b8
      size: 4696
    - path: src/adapters.py
      hash: md5
      md5: aa4f172b1ce7ac294708819c27b901f7
      size: 5884
    - path: src/managed
      hash: md5
      md5: fac15f0e436e803ff7c08361c394fdd1.dir
      size: 41547
      nfiles: 4
    - path: src/parse_text.py
      hash: md5
      md5: 59e678dc091e9945fa6a849159aef303
      size: 7883
    - path: src/schema.py
      hash: md5
      md5: 5f10b8aa3381f57bb3c5614034a35ef8
      size: 5042
    params:
      params.yaml:
        managed:
          provider: aws_textract
          enabled: false
          region: us-east-1
          features:
          - TABLES
          - LAYOUT
          cache_dir: data/managed
          dpi: 150
          pages:
            AAPL_10K_20250927:
            - 32
            AAPL_10Q_20260627:
            - 6
          fixture_pages:
            scanned:
            - 1
          trigger:
            min_ocr_conf: 0.75
            min_table_score: 0.5
        ocr:
          min_chars: 20
          junk_ratio: 0.3
          dpi: 300
          language: eng
    outs:
    - path: data/parsed
      hash: md5
      md5: d7b06236366ae013deb111bf7209a2e4.dir
      size: 8286644
      nfiles: 94
  tables:
    cmd: python src/tables.py --params params.yaml --input data/rendered
      --output data/tables
    deps:
    - path: data/managed
      hash: md5
      md5: 1d6b381b5f89bf1ca7689c6c117f46fb.dir
      size: 910483
      nfiles: 6
    - path: data/raw
      hash: md5
      md5: aaecaf4f2ab1088f932a67b8d6d8d8c5.dir
      size: 17581153
      nfiles: 156
    - path: data/rendered
      hash: md5
      md5: ecb52b44a2a9dd300e3987f95d61c0d1.dir
      size: 918497
      nfiles: 3
    - path: requirements.txt
      hash: md5
      md5: 8b0ab168a10c561c02acef9d3f0595b8
      size: 4696
    - path: src/adapters.py
      hash: md5
      md5: aa4f172b1ce7ac294708819c27b901f7
      size: 5884
    - path: src/managed
      hash: md5
      md5: fac15f0e436e803ff7c08361c394fdd1.dir
      size: 41547
      nfiles: 4
    - path: src/schema.py
      hash: md5
      md5: 5f10b8aa3381f57bb3c5614034a35ef8
      size: 5042
    - path: src/tables.py
      hash: md5
      md5: 29dca52d6e9ac6e5d965730bab4e63a7
      size: 28261
    params:
      params.yaml:
        managed:
          provider: aws_textract
          enabled: false
          region: us-east-1
          features:
          - TABLES
          - LAYOUT
          cache_dir: data/managed
          dpi: 150
          pages:
            AAPL_10K_20250927:
            - 32
            AAPL_10Q_20260627:
            - 6
          fixture_pages:
            scanned:
            - 1
          trigger:
            min_ocr_conf: 0.75
            min_table_score: 0.5
        tables:
          min_rulings: 4
          accept_score: 0.6
          min_numeric_rows: 3
          visible_max_gray: 0.9
    outs:
    - path: data/tables
      hash: md5
      md5: d7428faa0f11cc496edc6c748d1889e9.dir
      size: 144857
      nfiles: 33
  layout:
    cmd: python src/layout.py --params params.yaml --input data/rendered
      --output data/layout --figures data/figures --qa reports/layout --tables
      data/tables
    deps:
    - path: data/rendered
      hash: md5
      md5: ecb52b44a2a9dd300e3987f95d61c0d1.dir
      size: 918497
      nfiles: 3
    - path: data/tables
      hash: md5
      md5: d7428faa0f11cc496edc6c748d1889e9.dir
      size: 144857
      nfiles: 33
    - path: requirements.txt
      hash: md5
      md5: 8b0ab168a10c561c02acef9d3f0595b8
      size: 4696
    - path: src/layout.py
      hash: md5
      md5: 674439111820cde7d6684ef7af1940d0
      size: 15667
    - path: src/tables.py
      hash: md5
      md5: 29dca52d6e9ac6e5d965730bab4e63a7
      size: 28261
    params:
      params.yaml:
        layout:
          model: efficientdet
          score_threshold: 0.25
          max_overlap: 0.5
          pad_pt: 2.0
          qa_pages:
            AAPL_10K_20250927:
            - 1
            - 10
            - 20
            - 22
            - 32
            - 34
            - 50
            AAPL_10Q_20260627:
            - 4
            - 15
            - 28
            multicolumn:
            - 1
          text_pad_pt: 8
          dark_page_brightness: 0.5
          column_gap_pt: 50
        ocr.dpi: 300
        tables:
          min_rulings: 4
          accept_score: 0.6
          min_numeric_rows: 3
          visible_max_gray: 0.9
    outs:
    - path: data/figures
      hash: md5
      md5: f9fb6182553fe346d41f16296b52202d.dir
      size: 39645
      nfiles: 4
    - path: data/layout
      hash: md5
      md5: e099f0bc921b410391af2563fc866192.dir
      size: 773217
      nfiles: 4
  parse_docling:
    cmd: python src/docling_parse.py --params params.yaml --input data/rendered
      --output data/docling
    deps:
    - path: data/raw
      hash: md5
      md5: aaecaf4f2ab1088f932a67b8d6d8d8c5.dir
      size: 17581153
      nfiles: 156
    - path: data/rendered
      hash: md5
      md5: ecb52b44a2a9dd300e3987f95d61c0d1.dir
      size: 918497
      nfiles: 3
    - path: requirements.txt
      hash: md5
      md5: 8b0ab168a10c561c02acef9d3f0595b8
      size: 4696
    - path: src/docling_parse.py
      hash: md5
      md5: eb1a990ba5c86c04b1bce0d73589f65f
      size: 12460
    - path: src/tables.py
      hash: md5
      md5: 29dca52d6e9ac6e5d965730bab4e63a7
      size: 28261
    params:
      params.yaml:
        docling:
          do_ocr: false
          table_mode: accurate
          device: auto
          serve_url: ''
          serve_timeout_s: 600
          html_stem: AAPL_10K_20250927
    outs:
    - path: data/docling
      hash: md5
      md5: 23dff146de3355b3a2211be1db236ea4.dir
      size: 17269109
      nfiles: 293
  export:
    cmd: python src/export.py
    deps:
    - path: data/docling
      hash: md5
      md5: 23dff146de3355b3a2211be1db236ea4.dir
      size: 17269109
      nfiles: 293
    - path: data/layout
      hash: md5
      md5: e099f0bc921b410391af2563fc866192.dir
      size: 773217
      nfiles: 4
    - path: data/raw
      hash: md5
      md5: aaecaf4f2ab1088f932a67b8d6d8d8c5.dir
      size: 17581153
      nfiles: 156
    - path: data/rendered
      hash: md5
      md5: ecb52b44a2a9dd300e3987f95d61c0d1.dir
      size: 918497
      nfiles: 3
    - path: data/tables
      hash: md5
      md5: d7428faa0f11cc496edc6c748d1889e9.dir
      size: 144857
      nfiles: 33
    - path: requirements.txt
      hash: md5
      md5: 8b0ab168a10c561c02acef9d3f0595b8
      size: 4696
    - path: src/adapters.py
      hash: md5
      md5: aa4f172b1ce7ac294708819c27b901f7
      size: 5884
    - path: src/export.py
      hash: md5
      md5: 280f8c4dcaab745dfbe0a8b86b63bfed
      size: 16678
    - path: src/export_txt.py
      hash: md5
      md5: ac1a6f35c78860ed87049e397b833cd5
      size: 1463
    - path: src/schema.py
      hash: md5
      md5: 5f10b8aa3381f57bb3c5614034a35ef8
      size: 5042
    params:
      params.yaml:
        export:
          out_dir: data/export
          layout_dir: data/layout
          docling_dir: data/docling
          tables_dir: data/tables
          paragraph_gap_pt: 6.0
          emit_docling: true
          company_by_ticker:
            AAPL: Apple Inc.
    outs:
    - path: data/export
      hash: md5
      md5: 43e32680cd81d9ee0f48e5102ebbbe5e.dir
      size: 2299755
      nfiles: 8
  evaluate:
    cmd: python src/evaluate.py
    deps:
    - path: data/export
      hash: md5
      md5: 43e32680cd81d9ee0f48e5102ebbbe5e.dir
      size: 2299755
      nfiles: 8
    - path: data/ground_truth
      hash: md5
      md5: 69620746dcbed8624a78e3500956ee4b.dir
      size: 89165
      nfiles: 25
    - path: data/managed
      hash: md5
      md5: 1d6b381b5f89bf1ca7689c6c117f46fb.dir
      size: 910483
      nfiles: 6
    - path: src/evaluate.py
      hash: md5
      md5: 8a12149345fd1bda6028373492867ebd
      size: 26673
    params:
      params.yaml:
        evaluate:
          gt_dir: data/ground_truth
          export_dir: data/export
          metrics_out: reports/metrics.json
          plot_out: reports/plots/drift.png
          stems:
          - AAPL_10K_20250927
          - AAPL_10Q_20260627
          strata:
            AAPL_10K_20250927_p1: cover
            AAPL_10K_20250927_p5: prose
            AAPL_10K_20250927_p6: prose
            AAPL_10K_20250927_p32: statement
            AAPL_10K_20250927_p34: statement
            AAPL_10K_20250927_p36: statement
            AAPL_10K_20250927_p40: notes
            AAPL_10K_20250927_p43: notes
            AAPL_10Q_20260627_p1: cover
            AAPL_10Q_20260627_p4: statement
            AAPL_10Q_20260627_p6: statement
            AAPL_10Q_20260627_p9: statement
            AAPL_10Q_20260627_p11: notes
            AAPL_10Q_20260627_p16: notes
            AAPL_10Q_20260627_p17: prose
            AAPL_10Q_20260627_p22: prose
            multicol_p1: multicolumn
            scanned_p1: scanned
          thresholds:
            min_gt_pages: 16
            min_gt_tables: 2
            max_wer_prose: 0.2
            max_cer_prose: 0.12
            min_numeric_f1: 0.65
            min_table_cell_f1: 0.9
            min_table_value_recall: 0.9
            allow_unmeasured:
            - multicol_p1
            - scanned_p1
            fixtures:
              max_wer_multicolumn: 0.95
              max_wer_scanned: 0.05
              max_cer_scanned: 0.03
              max_wer_statement: 0.12
        managed:
          provider: aws_textract
          enabled: false
          region: us-east-1
          features:
          - TABLES
          - LAYOUT
          cache_dir: data/managed
          dpi: 150
          pages:
            AAPL_10K_20250927:
            - 32
            AAPL_10Q_20260627:
            - 6
          fixture_pages:
            scanned:
            - 1
          trigger:
            min_ocr_conf: 0.75
            min_table_score: 0.5
    outs:
    - path: reports/metrics.json
      hash: md5
      md5: 876794b5b2b11491fc8c5990979d3909
      size: 23385
    - path: reports/plots/drift.png
      hash: md5
      md5: cb065a4d161c39e161cc967f4ff0c48f
      size: 88456
  xbrl:
    cmd: python src/xbrl.py --input data/rendered/manifest.csv --output
      data/xbrl && python src/xbrl.py compare --path traditional --tables
      data/tables && python src/xbrl.py compare --path docling --tables
      data/docling/tables
    deps:
    - path: config/label_map.yaml
      hash: md5
      md5: 46ca4aa71a98291ce6757f51fed626f1
      size: 8388
    - path: data/docling
      hash: md5
      md5: 23dff146de3355b3a2211be1db236ea4.dir
      size: 17269109
      nfiles: 293
    - path: data/raw
      hash: md5
      md5: aaecaf4f2ab1088f932a67b8d6d8d8c5.dir
      size: 17581153
      nfiles: 156
    - path: data/rendered/manifest.csv
      hash: md5
      md5: 85b4d5347a29765576459ff203dfeb8e
      size: 606
    - path: data/tables
      hash: md5
      md5: d7428faa0f11cc496edc6c748d1889e9.dir
      size: 144857
      nfiles: 33
    - path: requirements.txt
      hash: md5
      md5: 8b0ab168a10c561c02acef9d3f0595b8
      size: 4696
    - path: src/xbrl.py
      hash: md5
      md5: 45309b9d62eec151aea5ef695c5c3c6e
      size: 22814
    params:
      params.yaml:
        xbrl:
          fuzzy_cutoff: 0.85
          statement_pages:
            AAPL_10K_20250927:
              income: 32
              balance: 34
              cash_flow: 36
            AAPL_10Q_20260627:
              income: 4
              balance: 6
              cash_flow: 9
    outs:
    - path: data/xbrl
      hash: md5
      md5: c4948738b9a6c96ebb39adfcca2c92e0.dir
      size: 621792
      nfiles: 6
  bench:
    cmd: python src/bench.py --params params.yaml --input data/rendered --output
      data/bench
    deps:
    - path: data/rendered
      hash: md5
      md5: ecb52b44a2a9dd300e3987f95d61c0d1.dir
      size: 918497
      nfiles: 3
    - path: requirements.txt
      hash: md5
      md5: 8b0ab168a10c561c02acef9d3f0595b8
      size: 4696
    - path: src/bench.py
      hash: md5
      md5: adb481bdd861c222f7f56108ae352b12
      size: 14720
    - path: src/docling_parse.py
      hash: md5
      md5: eb1a990ba5c86c04b1bce0d73589f65f
      size: 12460
    - path: src/layout.py
      hash: md5
      md5: 674439111820cde7d6684ef7af1940d0
      size: 15667
    - path: src/parse_text.py
      hash: md5
      md5: 59e678dc091e9945fa6a849159aef303
      size: 7883
    - path: src/tables.py
      hash: md5
      md5: 29dca52d6e9ac6e5d965730bab4e63a7
      size: 28261
    - path: tests/fixtures/scanned.pdf
      hash: md5
      md5: b1d1c385791b0d3b675ddc8b1169d3e5
      size: 1134051
    params:
      params.yaml:
        bench:
          extra_pdfs:
          - tests/fixtures/scanned.pdf
          docling_devices:
          - cpu
          - mps
          pages_per_year: 500000
          workers_per_vm: 4
          vm_cpu:
            name: c7i.2xlarge
            usd_per_hour: 0.357
          vm_gpu:
            name: g4dn.2xlarge
            usd_per_hour: 0.752
          textract_usd_per_page:
            ocr: 0.0015
            tables: 0.015
        docling:
          do_ocr: false
          table_mode: accurate
          device: auto
          serve_url: ''
          serve_timeout_s: 600
          html_stem: AAPL_10K_20250927
        layout:
          model: efficientdet
          score_threshold: 0.25
          max_overlap: 0.5
          pad_pt: 2.0
          qa_pages:
            AAPL_10K_20250927:
            - 1
            - 10
            - 20
            - 22
            - 32
            - 34
            - 50
            AAPL_10Q_20260627:
            - 4
            - 15
            - 28
            multicolumn:
            - 1
          text_pad_pt: 8
          dark_page_brightness: 0.5
          column_gap_pt: 50
        ocr:
          min_chars: 20
          junk_ratio: 0.3
          dpi: 300
          language: eng
        tables:
          min_rulings: 4
          accept_score: 0.6
          min_numeric_rows: 3
          visible_max_gray: 0.9
    outs:
    - path: data/bench
      hash: md5
      md5: 463bfc054cde3750dd38e3233eb53dbb.dir
      size: 21655
      nfiles: 12
